
Microsoft Visual Studio Solution File, Format Version 12.00
# Visual Studio Version 17
VisualStudioVersion = 17.4.33403.182
MinimumVisualStudioVersion = 10.0.40219.1
Project("{FAE04EC0-301F-11D3-BF4B-00C04F79EFBC}") = "TestProject", "TestProject.csproj", "{72EB9E99-7B03-40A6-AFA8-1DAE9F231D06}"
EndProject
Global
	GlobalSection(SolutionConfigurationPlatforms) = preSolution
		Debug|Any CPU = Debug|Any CPU
		Release|Any CPU = Release|Any CPU
	EndGlobalSection
	GlobalSection(ProjectConfigurationPlatforms) = postSolution
		{72EB9E99-7B03-40A6-AFA8-1DAE9F231D06}.Debug|Any CPU.ActiveCfg = Debug|Any CPU
		{72EB9E99-7B03-40A6-AFA8-1DAE9F231D06}.Debug|Any CPU.Build.0 = Debug|Any CPU
		{72EB9E99-7B03-40A6-AFA8-1DAE9F231D06}.Release|Any CPU.ActiveCfg = Release|Any CPU
		{72EB9E99-7B03-40A6-AFA8-1DAE9F231D06}.Release|Any CPU.Build.0 = Release|Any CPU
	EndGlobalSection
	GlobalSection(SolutionProperties) = preSolution
		HideSolutionNode = FALSE
	EndGlobalSection
	GlobalSection(ExtensibilityGlobals) = postSolution
		SolutionGuid = {8222A12C-4BCE-44BA-8D8D-25795BAD7B47}
	EndGlobalSection
EndGlobal
